
Microsoft Visual Studio Solution File, Format Version 12.00
# Visual Studio 15
VisualStudioVersion = 15.0.28307.1321
MinimumVisualStudioVersion = 10.0.40219.1
Project("{FAE04EC0-301F-11D3-BF4B-00C04F79EFBC}") = "DomaZdravlja", "DomaZdravlja\DomaZdravlja.csproj", "{141FAA38-A8BF-4C75-BA0E-7449DA79C9A2}"
EndProject
Global
	GlobalSection(SolutionConfigurationPlatforms) = preSolution
		Debug|Any CPU = Debug|Any CPU
		Release|Any CPU = Release|Any CPU
	EndGlobalSection
	GlobalSection(ProjectConfigurationPlatforms) = postSolution
		{141FAA38-A8BF-4C75-BA0E-7449DA79C9A2}.Debug|Any CPU.ActiveCfg = Debug|Any CPU
		{141FAA38-A8BF-4C75-BA0E-7449DA79C9A2}.Debug|Any CPU.Build.0 = Debug|Any CPU
		{141FAA38-A8BF-4C75-BA0E-7449DA79C9A2}.Release|Any CPU.ActiveCfg = Release|Any CPU
		{141FAA38-A8BF-4C75-BA0E-7449DA79C9A2}.Release|Any CPU.Build.0 = Release|Any CPU
	EndGlobalSection
	GlobalSection(SolutionProperties) = preSolution
		HideSolutionNode = FALSE
	EndGlobalSection
	GlobalSection(ExtensibilityGlobals) = postSolution
		SolutionGuid = {D49934E7-30A1-4D79-9FEE-79557CA6DB99}
	EndGlobalSection
EndGlobal
